
Microsoft Visual Studio Solution File, Format Version 12.00
# Visual Studio Version 16
VisualStudioVersion = 16.0.29920.165
MinimumVisualStudioVersion = 10.0.40219.1
Project("{FAE04EC0-301F-11D3-BF4B-00C04F79EFBC}") = "BasicCalculator", "BasicCalculator\BasicCalculator.csproj", "{89649B2E-EDA3-4B4E-8B76-2147610ACCDE}"
EndProject
Global
	GlobalSection(SolutionConfigurationPlatforms) = preSolution
		Debug|Any CPU = Debug|Any CPU
		Release|Any CPU = Release|Any CPU
	EndGlobalSection
	GlobalSection(ProjectConfigurationPlatforms) = postSolution
		{89649B2E-EDA3-4B4E-8B76-2147610ACCDE}.Debug|Any CPU.ActiveCfg = Debug|Any CPU
		{89649B2E-EDA3-4B4E-8B76-2147610ACCDE}.Debug|Any CPU.Build.0 = Debug|Any CPU
		{89649B2E-EDA3-4B4E-8B76-2147610ACCDE}.Release|Any CPU.ActiveCfg = Release|Any CPU
		{89649B2E-EDA3-4B4E-8B76-2147610ACCDE}.Release|Any CPU.Build.0 = Release|Any CPU
	EndGlobalSection
	GlobalSection(SolutionProperties) = preSolution
		HideSolutionNode = FALSE
	EndGlobalSection
	GlobalSection(ExtensibilityGlobals) = postSolution
		SolutionGuid = {0ED81886-3FC4-4CD2-AD18-B2D7CD7214B1}
	EndGlobalSection
EndGlobal
